# THIS IS AN AUTOGENERATED FILE. DO NOT EDIT THIS FILE DIRECTLY.
# yarn lockfile v1


"@types/module-alias@^2.0.1":
  version "2.0.4"
  resolved "https://registry.yarnpkg.com/@types/module-alias/-/module-alias-2.0.4.tgz#c6a784be6bc2ff5424889e23084ac001454d5f00"
  integrity sha512-5+G/QXO/DvHZw60FjvbDzO4JmlD/nG5m2/vVGt25VN1eeP3w2bCoks1Wa7VuptMPM1TxJdx6RjO70N9Fw0nZPA==

"@types/node@16":
  version "16.18.73"
  resolved "https://registry.yarnpkg.com/@types/node/-/node-16.18.73.tgz#cbbbff4c3e85020e042e65a2a836e1d1d5bfad06"
  integrity sha512-GaTgwUNzESSlX9uhTX2RQcwj2KBf/Wda+52TTtuMpgzR2Rvw7NNypQ8BJdc5Wk6osxZHcUZAKip5PtqWsUl31Q==

module-alias@^2.2.2:
  version "2.2.3"
  resolved "https://registry.yarnpkg.com/module-alias/-/module-alias-2.2.3.tgz#ec2e85c68973bda6ab71ce7c93b763ec96053221"
  integrity sha512-23g5BFj4zdQL/b6tor7Ji+QY4pEfNH784BMslY9Qb0UnJWRAt+lQGLYmRaM0KDBwIG23ffEBELhZDP2rhi9f/Q==

typescript@^4.5.4:
  version "4.9.5"
  resolved "https://registry.yarnpkg.com/typescript/-/typescript-4.9.5.tgz#095979f9bcc0d09da324d58d03ce8f8374cbe65a"
  integrity sha512-1FXk9E2Hm+QzZQ7z+McJiHL4NW1F2EzMu9Nq9i3zAaGqibafqYwCVU6WyWAuyQRRzOlxou8xZSyXLEN8oKj24g==
